
Microsoft Visual Studio Solution File, Format Version 12.00
# Visual Studio Version 16
VisualStudioVersion = 16.0.31624.102
MinimumVisualStudioVersion = 10.0.40219.1
Project("{FAE04EC0-301F-11D3-BF4B-00C04F79EFBC}") = "PredictArrayOutput", "PredictArrayOutput.csproj", "{983FA7D4-27C7-4936-93A6-9230D85E17D7}"
EndProject
Global
	GlobalSection(SolutionConfigurationPlatforms) = preSolution
		Debug|Any CPU = Debug|Any CPU
		Release|Any CPU = Release|Any CPU
	EndGlobalSection
	GlobalSection(ProjectConfigurationPlatforms) = postSolution
		{983FA7D4-27C7-4936-93A6-9230D85E17D7}.Debug|Any CPU.ActiveCfg = Debug|Any CPU
		{983FA7D4-27C7-4936-93A6-9230D85E17D7}.Debug|Any CPU.Build.0 = Debug|Any CPU
		{983FA7D4-27C7-4936-93A6-9230D85E17D7}.Release|Any CPU.ActiveCfg = Release|Any CPU
		{983FA7D4-27C7-4936-93A6-9230D85E17D7}.Release|Any CPU.Build.0 = Release|Any CPU
	EndGlobalSection
	GlobalSection(SolutionProperties) = preSolution
		HideSolutionNode = FALSE
	EndGlobalSection
	GlobalSection(ExtensibilityGlobals) = postSolution
		SolutionGuid = {2EB1B988-72C5-4F6A-BE66-86DA88FCFF28}
	EndGlobalSection
EndGlobal
